
Microsoft Visual Studio Solution File, Format Version 12.00
# Visual Studio 15
VisualStudioVersion = 15.0.27428.2037
MinimumVisualStudioVersion = 10.0.40219.1
Project("{FAE04EC0-301F-11D3-BF4B-00C04F79EFBC}") = "SumOfNumber", "ConsoleApp1\SumOfNumber.csproj", "{FFB43DFE-81CE-42EE-90ED-BC136EA3EEDC}"
EndProject
Global
	GlobalSection(SolutionConfigurationPlatforms) = preSolution
		Debug|Any CPU = Debug|Any CPU
		Release|Any CPU = Release|Any CPU
	EndGlobalSection
	GlobalSection(ProjectConfigurationPlatforms) = postSolution
		{FFB43DFE-81CE-42EE-90ED-BC136EA3EEDC}.Debug|Any CPU.ActiveCfg = Debug|Any CPU
		{FFB43DFE-81CE-42EE-90ED-BC136EA3EEDC}.Debug|Any CPU.Build.0 = Debug|Any CPU
		{FFB43DFE-81CE-42EE-90ED-BC136EA3EEDC}.Release|Any CPU.ActiveCfg = Release|Any CPU
		{FFB43DFE-81CE-42EE-90ED-BC136EA3EEDC}.Release|Any CPU.Build.0 = Release|Any CPU
	EndGlobalSection
	GlobalSection(SolutionProperties) = preSolution
		HideSolutionNode = FALSE
	EndGlobalSection
	GlobalSection(ExtensibilityGlobals) = postSolution
		SolutionGuid = {E3F5BD7C-5A7D-4893-B4A4-D4DA34A48753}
	EndGlobalSection
EndGlobal
